// !$*UTF8*$!
{
	archiveVersion = 1;
	classes = {
	};
	objectVersion = 56;
	objects = {

/* Begin PBXBuildFile section */
		274991842AA8546F00F77C5C /* YoutubeAPIManager.swift in Sources */ = {isa = PBXBuildFile; fileRef = 274991832AA8546F00F77C5C /* YoutubeAPIManager.swift */; };
		274991882AA8C50500F77C5C /* CustomTabBarController.swift in Sources */ = {isa = PBXBuildFile; fileRef = 274991872AA8C50500F77C5C /* CustomTabBarController.swift */; };
		27776CFB2AA5C0B300E226D3 /* AppDelegate.swift in Sources */ = {isa = PBXBuildFile; fileRef = 27776CFA2AA5C0B300E226D3 /* AppDelegate.swift */; };
		27776CFD2AA5C0B300E226D3 /* SceneDelegate.swift in Sources */ = {isa = PBXBuildFile; fileRef = 27776CFC2AA5C0B300E226D3 /* SceneDelegate.swift */; };
		27776D052AA5C0B300E226D3 /* MODA.xcdatamodeld in Sources */ = {isa = PBXBuildFile; fileRef = 27776D032AA5C0B300E226D3 /* MODA.xcdatamodeld */; };
		27776D072AA5C0B500E226D3 /* Assets.xcassets in Resources */ = {isa = PBXBuildFile; fileRef = 27776D062AA5C0B500E226D3 /* Assets.xcassets */; };
		27776D0A2AA5C0B500E226D3 /* LaunchScreen.storyboard in Resources */ = {isa = PBXBuildFile; fileRef = 27776D082AA5C0B500E226D3 /* LaunchScreen.storyboard */; };
		27776D122AA5C5AD00E226D3 /* MainViewController.swift in Sources */ = {isa = PBXBuildFile; fileRef = 27776D112AA5C5AD00E226D3 /* MainViewController.swift */; };
		27776D142AA5C5D000E226D3 /* MyPageViewController.swift in Sources */ = {isa = PBXBuildFile; fileRef = 27776D132AA5C5D000E226D3 /* MyPageViewController.swift */; };
		27776D192AA5E4C600E226D3 /* MainView.swift in Sources */ = {isa = PBXBuildFile; fileRef = 27776D182AA5E4C600E226D3 /* MainView.swift */; };
		27776D1B2AA5E9D000E226D3 /* MainModel.swift in Sources */ = {isa = PBXBuildFile; fileRef = 27776D1A2AA5E9D000E226D3 /* MainModel.swift */; };
		27D1898B2AA6AD66003A33FC /* VideoCell.swift in Sources */ = {isa = PBXBuildFile; fileRef = 27D1898A2AA6AD66003A33FC /* VideoCell.swift */; };
		6A879C622AA5E31C00E00BBD /* MyPageViewController2.swift in Sources */ = {isa = PBXBuildFile; fileRef = 6A879C612AA5E31C00E00BBD /* MyPageViewController2.swift */; };
		6A879C642AA5F57800E00BBD /* MyPageViewController3.swift in Sources */ = {isa = PBXBuildFile; fileRef = 6A879C632AA5F57800E00BBD /* MyPageViewController3.swift */; };
		6A99C35C2AA6B1050046F042 /* MyPageView.swift in Sources */ = {isa = PBXBuildFile; fileRef = 6A99C35B2AA6B1050046F042 /* MyPageView.swift */; };
		6A99C35E2AA6B2520046F042 /* MyPageView2.swift in Sources */ = {isa = PBXBuildFile; fileRef = 6A99C35D2AA6B2520046F042 /* MyPageView2.swift */; };
		6A99C3602AA6B25B0046F042 /* MyPageView3.swift in Sources */ = {isa = PBXBuildFile; fileRef = 6A99C35F2AA6B25B0046F042 /* MyPageView3.swift */; };
		EBDFF6882AA7017500875AA3 /* LoginViewController.swift in Sources */ = {isa = PBXBuildFile; fileRef = EBDFF6872AA7017500875AA3 /* LoginViewController.swift */; };
		EBDFF68B2AA7328000875AA3 /* SignUpViewController.swift in Sources */ = {isa = PBXBuildFile; fileRef = EBDFF68A2AA7328000875AA3 /* SignUpViewController.swift */; };
		EBDFF68D2AA8040100875AA3 /* UsersInfo.swift in Sources */ = {isa = PBXBuildFile; fileRef = EBDFF68C2AA8040100875AA3 /* UsersInfo.swift */; };
/* End PBXBuildFile section */

/* Begin PBXFileReference section */
		274991832AA8546F00F77C5C /* YoutubeAPIManager.swift */ = {isa = PBXFileReference; lastKnownFileType = sourcecode.swift; path = YoutubeAPIManager.swift; sourceTree = "<group>"; };
		274991872AA8C50500F77C5C /* CustomTabBarController.swift */ = {isa = PBXFileReference; lastKnownFileType = sourcecode.swift; path = CustomTabBarController.swift; sourceTree = "<group>"; };
		27776CF72AA5C0B300E226D3 /* MODA.app */ = {isa = PBXFileReference; explicitFileType = wrapper.application; includeInIndex = 0; path = MODA.app; sourceTree = BUILT_PRODUCTS_DIR; };
		27776CFA2AA5C0B300E226D3 /* AppDelegate.swift */ = {isa = PBXFileReference; lastKnownFileType = sourcecode.swift; path = AppDelegate.swift; sourceTree = "<group>"; };
		27776CFC2AA5C0B300E226D3 /* SceneDelegate.swift */ = {isa = PBXFileReference; lastKnownFileType = sourcecode.swift; path = SceneDelegate.swift; sourceTree = "<group>"; };
		27776D042AA5C0B300E226D3 /* MODA.xcdatamodel */ = {isa = PBXFileReference; lastKnownFileType = wrapper.xcdatamodel; path = MODA.xcdatamodel; sourceTree = "<group>"; };
		27776D062AA5C0B500E226D3 /* Assets.xcassets */ = {isa = PBXFileReference; lastKnownFileType = folder.assetcatalog; path = Assets.xcassets; sourceTree = "<group>"; };
		27776D092AA5C0B500E226D3 /* Base */ = {isa = PBXFileReference; lastKnownFileType = file.storyboard; name = Base; path = Base.lproj/LaunchScreen.storyboard; sourceTree = "<group>"; };
		27776D0B2AA5C0B500E226D3 /* Info.plist */ = {isa = PBXFileReference; lastKnownFileType = text.plist.xml; path = Info.plist; sourceTree = "<group>"; };
		27776D112AA5C5AD00E226D3 /* MainViewController.swift */ = {isa = PBXFileReference; lastKnownFileType = sourcecode.swift; path = MainViewController.swift; sourceTree = "<group>"; };
		27776D132AA5C5D000E226D3 /* MyPageViewController.swift */ = {isa = PBXFileReference; lastKnownFileType = sourcecode.swift; path = MyPageViewController.swift; sourceTree = "<group>"; };
		27776D182AA5E4C600E226D3 /* MainView.swift */ = {isa = PBXFileReference; lastKnownFileType = sourcecode.swift; path = MainView.swift; sourceTree = "<group>"; };
		27776D1A2AA5E9D000E226D3 /* MainModel.swift */ = {isa = PBXFileReference; lastKnownFileType = sourcecode.swift; path = MainModel.swift; sourceTree = "<group>"; };
		27D1898A2AA6AD66003A33FC /* VideoCell.swift */ = {isa = PBXFileReference; lastKnownFileType = sourcecode.swift; path = VideoCell.swift; sourceTree = "<group>"; };
		6A879C612AA5E31C00E00BBD /* MyPageViewController2.swift */ = {isa = PBXFileReference; lastKnownFileType = sourcecode.swift; path = MyPageViewController2.swift; sourceTree = "<group>"; };
		6A879C632AA5F57800E00BBD /* MyPageViewController3.swift */ = {isa = PBXFileReference; lastKnownFileType = sourcecode.swift; path = MyPageViewController3.swift; sourceTree = "<group>"; };
		6A99C35B2AA6B1050046F042 /* MyPageView.swift */ = {isa = PBXFileReference; lastKnownFileType = sourcecode.swift; path = MyPageView.swift; sourceTree = "<group>"; };
		6A99C35D2AA6B2520046F042 /* MyPageView2.swift */ = {isa = PBXFileReference; lastKnownFileType = sourcecode.swift; path = MyPageView2.swift; sourceTree = "<group>"; };
		6A99C35F2AA6B25B0046F042 /* MyPageView3.swift */ = {isa = PBXFileReference; lastKnownFileType = sourcecode.swift; path = MyPageView3.swift; sourceTree = "<group>"; };
		EBDFF6872AA7017500875AA3 /* LoginViewController.swift */ = {isa = PBXFileReference; lastKnownFileType = sourcecode.swift; path = LoginViewController.swift; sourceTree = "<group>"; };
		EBDFF68A2AA7328000875AA3 /* SignUpViewController.swift */ = {isa = PBXFileReference; lastKnownFileType = sourcecode.swift; path = SignUpViewController.swift; sourceTree = "<group>"; };
		EBDFF68C2AA8040100875AA3 /* UsersInfo.swift */ = {isa = PBXFileReference; lastKnownFileType = sourcecode.swift; path = UsersInfo.swift; sourceTree = "<group>"; };
/* End PBXFileReference section */

/* Begin PBXFrameworksBuildPhase section */
		27776CF42AA5C0B300E226D3 /* Frameworks */ = {
			isa = PBXFrameworksBuildPhase;
			buildActionMask = 2147483647;
			files = (
			);
			runOnlyForDeploymentPostprocessing = 0;
		};
/* End PBXFrameworksBuildPhase section */

/* Begin PBXGroup section */
		27776CEE2AA5C0B300E226D3 = {
			isa = PBXGroup;
			children = (
				27776CF92AA5C0B300E226D3 /* MODA */,
				27776CF82AA5C0B300E226D3 /* Products */,
			);
			sourceTree = "<group>";
		};
		27776CF82AA5C0B300E226D3 /* Products */ = {
			isa = PBXGroup;
			children = (
				27776CF72AA5C0B300E226D3 /* MODA.app */,
			);
			name = Products;
			sourceTree = "<group>";
		};
		27776CF92AA5C0B300E226D3 /* MODA */ = {
			isa = PBXGroup;
			children = (
				27776D152AA5CC4C00E226D3 /* Model */,
				27776D162AA5CC5B00E226D3 /* Views */,
				27776D172AA5CC6100E226D3 /* Controllers */,
				27776CFA2AA5C0B300E226D3 /* AppDelegate.swift */,
				27776CFC2AA5C0B300E226D3 /* SceneDelegate.swift */,
				27776D062AA5C0B500E226D3 /* Assets.xcassets */,
				27776D082AA5C0B500E226D3 /* LaunchScreen.storyboard */,
				27776D0B2AA5C0B500E226D3 /* Info.plist */,
				27776D032AA5C0B300E226D3 /* MODA.xcdatamodeld */,
			);
			path = MODA;
			sourceTree = "<group>";
		};
		27776D152AA5CC4C00E226D3 /* Model */ = {
			isa = PBXGroup;
			children = (
				27776D1A2AA5E9D000E226D3 /* MainModel.swift */,
				274991832AA8546F00F77C5C /* YoutubeAPIManager.swift */,
				EBDFF68C2AA8040100875AA3 /* UsersInfo.swift */,
			);
			path = Model;
			sourceTree = "<group>";
		};
		27776D162AA5CC5B00E226D3 /* Views */ = {
			isa = PBXGroup;
			children = (
				6A99C35B2AA6B1050046F042 /* MyPageView.swift */,
				6A99C35D2AA6B2520046F042 /* MyPageView2.swift */,
				6A99C35F2AA6B25B0046F042 /* MyPageView3.swift */,
				27776D182AA5E4C600E226D3 /* MainView.swift */,
				27D1898A2AA6AD66003A33FC /* VideoCell.swift */,
			);
			path = Views;
			sourceTree = "<group>";
		};
		27776D172AA5CC6100E226D3 /* Controllers */ = {
			isa = PBXGroup;
			children = (
				27776D132AA5C5D000E226D3 /* MyPageViewController.swift */,
				6A879C612AA5E31C00E00BBD /* MyPageViewController2.swift */,
				6A879C632AA5F57800E00BBD /* MyPageViewController3.swift */,
				27776D112AA5C5AD00E226D3 /* MainViewController.swift */,
				274991872AA8C50500F77C5C /* CustomTabBarController.swift */,
				EBDFF6872AA7017500875AA3 /* LoginViewController.swift */,
				EBDFF68A2AA7328000875AA3 /* SignUpViewController.swift */,
			);
			path = Controllers;
			sourceTree = "<group>";
		};
/* End PBXGroup section */

/* Begin PBXNativeTarget section */
		27776CF62AA5C0B300E226D3 /* MODA */ = {
			isa = PBXNativeTarget;
			buildConfigurationList = 27776D0E2AA5C0B500E226D3 /* Build configuration list for PBXNativeTarget "MODA" */;
			buildPhases = (
				27776CF32AA5C0B300E226D3 /* Sources */,
				27776CF42AA5C0B300E226D3 /* Frameworks */,
				27776CF52AA5C0B300E226D3 /* Resources */,
			);
			buildRules = (
			);
			dependencies = (
			);
			name = MODA;
			productName = MODA;
			productReference = 27776CF72AA5C0B300E226D3 /* MODA.app */;
			productType = "com.apple.product-type.application";
		};
/* End PBXNativeTarget section */

/* Begin PBXProject section */
		27776CEF2AA5C0B300E226D3 /* Project object */ = {
			isa = PBXProject;
			attributes = {
				BuildIndependentTargetsInParallel = 1;
				LastSwiftUpdateCheck = 1430;
				LastUpgradeCheck = 1430;
				TargetAttributes = {
					27776CF62AA5C0B300E226D3 = {
						CreatedOnToolsVersion = 14.3.1;
					};
				};
			};
			buildConfigurationList = 27776CF22AA5C0B300E226D3 /* Build configuration list for PBXProject "MODA" */;
			compatibilityVersion = "Xcode 14.0";
			developmentRegion = en;
			hasScannedForEncodings = 0;
			knownRegions = (
				en,
				Base,
			);
			mainGroup = 27776CEE2AA5C0B300E226D3;
			productRefGroup = 27776CF82AA5C0B300E226D3 /* Products */;
			projectDirPath = "";
			projectRoot = "";
			targets = (
				27776CF62AA5C0B300E226D3 /* MODA */,
			);
		};
/* End PBXProject section */

/* Begin PBXResourcesBuildPhase section */
		27776CF52AA5C0B300E226D3 /* Resources */ = {
			isa = PBXResourcesBuildPhase;
			buildActionMask = 2147483647;
			files = (
				27776D0A2AA5C0B500E226D3 /* LaunchScreen.storyboard in Resources */,
				27776D072AA5C0B500E226D3 /* Assets.xcassets in Resources */,
			);
			runOnlyForDeploymentPostprocessing = 0;
		};
/* End PBXResourcesBuildPhase section */

/* Begin PBXSourcesBuildPhase section */
		27776CF32AA5C0B300E226D3 /* Sources */ = {
			isa = PBXSourcesBuildPhase;
			buildActionMask = 2147483647;
			files = (
				EBDFF6882AA7017500875AA3 /* LoginViewController.swift in Sources */,
				27776D142AA5C5D000E226D3 /* MyPageViewController.swift in Sources */,
				274991882AA8C50500F77C5C /* CustomTabBarController.swift in Sources */,
				6A99C3602AA6B25B0046F042 /* MyPageView3.swift in Sources */,
				6A99C35C2AA6B1050046F042 /* MyPageView.swift in Sources */,
				EBDFF68D2AA8040100875AA3 /* UsersInfo.swift in Sources */,
				6A879C622AA5E31C00E00BBD /* MyPageViewController2.swift in Sources */,
				6A99C35E2AA6B2520046F042 /* MyPageView2.swift in Sources */,
				6A879C642AA5F57800E00BBD /* MyPageViewController3.swift in Sources */,
				27D1898B2AA6AD66003A33FC /* VideoCell.swift in Sources */,
				27776D192AA5E4C600E226D3 /* MainView.swift in Sources */,
				274991842AA8546F00F77C5C /* YoutubeAPIManager.swift in Sources */,
				EBDFF68B2AA7328000875AA3 /* SignUpViewController.swift in Sources */,
				27776CFB2AA5C0B300E226D3 /* AppDelegate.swift in Sources */,
				27776D1B2AA5E9D000E226D3 /* MainModel.swift in Sources */,
				27776D052AA5C0B300E226D3 /* MODA.xcdatamodeld in Sources */,
				27776CFD2AA5C0B300E226D3 /* SceneDelegate.swift in Sources */,
				27776D122AA5C5AD00E226D3 /* MainViewController.swift in Sources */,
			);
			runOnlyForDeploymentPostprocessing = 0;
		};
/* End PBXSourcesBuildPhase section */

/* Begin PBXVariantGroup section */
		27776D082AA5C0B500E226D3 /* LaunchScreen.storyboard */ = {
			isa = PBXVariantGroup;
			children = (
				27776D092AA5C0B500E226D3 /* Base */,
			);
			name = LaunchScreen.storyboard;
			sourceTree = "<group>";
		};
/* End PBXVariantGroup section */

/* Begin XCBuildConfiguration section */
		27776D0C2AA5C0B500E226D3 /* Debug */ = {
			isa = XCBuildConfiguration;
			buildSettings = {
				ALWAYS_SEARCH_USER_PATHS = NO;
				CLANG_ANALYZER_NONNULL = YES;
				CLANG_ANALYZER_NUMBER_OBJECT_CONVERSION = YES_AGGRESSIVE;
				CLANG_CXX_LANGUAGE_STANDARD = "gnu++20";
				CLANG_ENABLE_MODULES = YES;
				CLANG_ENABLE_OBJC_ARC = YES;
				CLANG_ENABLE_OBJC_WEAK = YES;
				CLANG_WARN_BLOCK_CAPTURE_AUTORELEASING = YES;
				CLANG_WARN_BOOL_CONVERSION = YES;
				CLANG_WARN_COMMA = YES;
				CLANG_WARN_CONSTANT_CONVERSION = YES;
				CLANG_WARN_DEPRECATED_OBJC_IMPLEMENTATIONS = YES;
				CLANG_WARN_DIRECT_OBJC_ISA_USAGE = YES_ERROR;
				CLANG_WARN_DOCUMENTATION_COMMENTS = YES;
				CLANG_WARN_EMPTY_BODY = YES;
				CLANG_WARN_ENUM_CONVERSION = YES;
				CLANG_WARN_INFINITE_RECURSION = YES;
				CLANG_WARN_INT_CONVERSION = YES;
				CLANG_WARN_NON_LITERAL_NULL_CONVERSION = YES;
				CLANG_WARN_OBJC_IMPLICIT_RETAIN_SELF = YES;
				CLANG_WARN_OBJC_LITERAL_CONVERSION = YES;
				CLANG_WARN_OBJC_ROOT_CLASS = YES_ERROR;
				CLANG_WARN_QUOTED_INCLUDE_IN_FRAMEWORK_HEADER = YES;
				CLANG_WARN_RANGE_LOOP_ANALYSIS = YES;
				CLANG_WARN_STRICT_PROTOTYPES = YES;
				CLANG_WARN_SUSPICIOUS_MOVE = YES;
				CLANG_WARN_UNGUARDED_AVAILABILITY = YES_AGGRESSIVE;
				CLANG_WARN_UNREACHABLE_CODE = YES;
				CLANG_WARN__DUPLICATE_METHOD_MATCH = YES;
				COPY_PHASE_STRIP = NO;
				DEBUG_INFORMATION_FORMAT = dwarf;
				ENABLE_STRICT_OBJC_MSGSEND = YES;
				ENABLE_TESTABILITY = YES;
				GCC_C_LANGUAGE_STANDARD = gnu11;
				GCC_DYNAMIC_NO_PIC = NO;
				GCC_NO_COMMON_BLOCKS = YES;
				GCC_OPTIMIZATION_LEVEL = 0;
				GCC_PREPROCESSOR_DEFINITIONS = (
					"DEBUG=1",
					"$(inherited)",
				);
				GCC_WARN_64_TO_32_BIT_CONVERSION = YES;
				GCC_WARN_ABOUT_RETURN_TYPE = YES_ERROR;
				GCC_WARN_UNDECLARED_SELECTOR = YES;
				GCC_WARN_UNINITIALIZED_AUTOS = YES_AGGRESSIVE;
				GCC_WARN_UNUSED_FUNCTION = YES;
				GCC_WARN_UNUSED_VARIABLE = YES;
				IPHONEOS_DEPLOYMENT_TARGET = 16.4;
				MTL_ENABLE_DEBUG_INFO = INCLUDE_SOURCE;
				MTL_FAST_MATH = YES;
				ONLY_ACTIVE_ARCH = YES;
				SDKROOT = iphoneos;
				SWIFT_ACTIVE_COMPILATION_CONDITIONS = DEBUG;
				SWIFT_OPTIMIZATION_LEVEL = "-Onone";
			};
			name = Debug;
		};
		27776D0D2AA5C0B500E226D3 /* Release */ = {
			isa = XCBuildConfiguration;
			buildSettings = {
				ALWAYS_SEARCH_USER_PATHS = NO;
				CLANG_ANALYZER_NONNULL = YES;
				CLANG_ANALYZER_NUMBER_OBJECT_CONVERSION = YES_AGGRESSIVE;
				CLANG_CXX_LANGUAGE_STANDARD = "gnu++20";
				CLANG_ENABLE_MODULES = YES;
				CLANG_ENABLE_OBJC_ARC = YES;
				CLANG_ENABLE_OBJC_WEAK = YES;
				CLANG_WARN_BLOCK_CAPTURE_AUTORELEASING = YES;
				CLANG_WARN_BOOL_CONVERSION = YES;
				CLANG_WARN_COMMA = YES;
				CLANG_WARN_CONSTANT_CONVERSION = YES;
				CLANG_WARN_DEPRECATED_OBJC_IMPLEMENTATIONS = YES;
				CLANG_WARN_DIRECT_OBJC_ISA_USAGE = YES_ERROR;
				CLANG_WARN_DOCUMENTATION_COMMENTS = YES;
				CLANG_WARN_EMPTY_BODY = YES;
				CLANG_WARN_ENUM_CONVERSION = YES;
				CLANG_WARN_INFINITE_RECURSION = YES;
				CLANG_WARN_INT_CONVERSION = YES;
				CLANG_WARN_NON_LITERAL_NULL_CONVERSION = YES;
				CLANG_WARN_OBJC_IMPLICIT_RETAIN_SELF = YES;
				CLANG_WARN_OBJC_LITERAL_CONVERSION = YES;
				CLANG_WARN_OBJC_ROOT_CLASS = YES_ERROR;
				CLANG_WARN_QUOTED_INCLUDE_IN_FRAMEWORK_HEADER = YES;
				CLANG_WARN_RANGE_LOOP_ANALYSIS = YES;
				CLANG_WARN_STRICT_PROTOTYPES = YES;
				CLANG_WARN_SUSPICIOUS_MOVE = YES;
				CLANG_WARN_UNGUARDED_AVAILABILITY = YES_AGGRESSIVE;
				CLANG_WARN_UNREACHABLE_CODE = YES;
				CLANG_WARN__DUPLICATE_METHOD_MATCH = YES;
				COPY_PHASE_STRIP = NO;
				DEBUG_INFORMATION_FORMAT = "dwarf-with-dsym";
				ENABLE_NS_ASSERTIONS = NO;
				ENABLE_STRICT_OBJC_MSGSEND = YES;
				GCC_C_LANGUAGE_STANDARD = gnu11;
				GCC_NO_COMMON_BLOCKS = YES;
				GCC_WARN_64_TO_32_BIT_CONVERSION = YES;
				GCC_WARN_ABOUT_RETURN_TYPE = YES_ERROR;
				GCC_WARN_UNDECLARED_SELECTOR = YES;
				GCC_WARN_UNINITIALIZED_AUTOS = YES_AGGRESSIVE;
				GCC_WARN_UNUSED_FUNCTION = YES;
				GCC_WARN_UNUSED_VARIABLE = YES;
				IPHONEOS_DEPLOYMENT_TARGET = 16.4;
				MTL_ENABLE_DEBUG_INFO = NO;
				MTL_FAST_MATH = YES;
				SDKROOT = iphoneos;
				SWIFT_COMPILATION_MODE = wholemodule;
				SWIFT_OPTIMIZATION_LEVEL = "-O";
				VALIDATE_PRODUCT = YES;
			};
			name = Release;
		};
		27776D0F2AA5C0B500E226D3 /* Debug */ = {
			isa = XCBuildConfiguration;
			buildSettings = {
				ASSETCATALOG_COMPILER_APPICON_NAME = AppIcon;
				ASSETCATALOG_COMPILER_GLOBAL_ACCENT_COLOR_NAME = AccentColor;
				CODE_SIGN_STYLE = Automatic;
				CURRENT_PROJECT_VERSION = 1;
				GENERATE_INFOPLIST_FILE = YES;
				INFOPLIST_FILE = MODA/Info.plist;
				INFOPLIST_KEY_UIApplicationSupportsIndirectInputEvents = YES;
				INFOPLIST_KEY_UILaunchStoryboardName = LaunchScreen;
				INFOPLIST_KEY_UISupportedInterfaceOrientations_iPad = "UIInterfaceOrientationPortrait UIInterfaceOrientationPortraitUpsideDown UIInterfaceOrientationLandscapeLeft UIInterfaceOrientationLandscapeRight";
				INFOPLIST_KEY_UISupportedInterfaceOrientations_iPhone = "UIInterfaceOrientationPortrait UIInterfaceOrientationLandscapeLeft UIInterfaceOrientationLandscapeRight";
				IPHONEOS_DEPLOYMENT_TARGET = 15.0;
				LD_RUNPATH_SEARCH_PATHS = (
					"$(inherited)",
					"@executable_path/Frameworks",
				);
				MARKETING_VERSION = 1.0;
				PRODUCT_BUNDLE_IDENTIFIER = com.kyle.MODA;
				PRODUCT_NAME = "$(TARGET_NAME)";
				SUPPORTED_PLATFORMS = "iphoneos iphonesimulator";
				SUPPORTS_MACCATALYST = NO;
				SUPPORTS_MAC_DESIGNED_FOR_IPHONE_IPAD = NO;
				SWIFT_EMIT_LOC_STRINGS = YES;
				SWIFT_VERSION = 5.0;
				TARGETED_DEVICE_FAMILY = 1;
			};
			name = Debug;
		};
		27776D102AA5C0B500E226D3 /* Release */ = {
			isa = XCBuildConfiguration;
			buildSettings = {
				ASSETCATALOG_COMPILER_APPICON_NAME = AppIcon;
				ASSETCATALOG_COMPILER_GLOBAL_ACCENT_COLOR_NAME = AccentColor;
				CODE_SIGN_STYLE = Automatic;
				CURRENT_PROJECT_VERSION = 1;
				GENERATE_INFOPLIST_FILE = YES;
				INFOPLIST_FILE = MODA/Info.plist;
				INFOPLIST_KEY_UIApplicationSupportsIndirectInputEvents = YES;
				INFOPLIST_KEY_UILaunchStoryboardName = LaunchScreen;
				INFOPLIST_KEY_UISupportedInterfaceOrientations_iPad = "UIInterfaceOrientationPortrait UIInterfaceOrientationPortraitUpsideDown UIInterfaceOrientationLandscapeLeft UIInterfaceOrientationLandscapeRight";
				INFOPLIST_KEY_UISupportedInterfaceOrientations_iPhone = "UIInterfaceOrientationPortrait UIInterfaceOrientationLandscapeLeft UIInterfaceOrientationLandscapeRight";
				IPHONEOS_DEPLOYMENT_TARGET = 15.0;
				LD_RUNPATH_SEARCH_PATHS = (
					"$(inherited)",
					"@executable_path/Frameworks",
				);
				MARKETING_VERSION = 1.0;
				PRODUCT_BUNDLE_IDENTIFIER = com.kyle.MODA;
				PRODUCT_NAME = "$(TARGET_NAME)";
				SUPPORTED_PLATFORMS = "iphoneos iphonesimulator";
				SUPPORTS_MACCATALYST = NO;
				SUPPORTS_MAC_DESIGNED_FOR_IPHONE_IPAD = NO;
				SWIFT_EMIT_LOC_STRINGS = YES;
				SWIFT_VERSION = 5.0;
				TARGETED_DEVICE_FAMILY = 1;
			};
			name = Release;
		};
/* End XCBuildConfiguration section */

/* Begin XCConfigurationList section */
		27776CF22AA5C0B300E226D3 /* Build configuration list for PBXProject "MODA" */ = {
			isa = XCConfigurationList;
			buildConfigurations = (
				27776D0C2AA5C0B500E226D3 /* Debug */,
				27776D0D2AA5C0B500E226D3 /* Release */,
			);
			defaultConfigurationIsVisible = 0;
			defaultConfigurationName = Release;
		};
		27776D0E2AA5C0B500E226D3 /* Build configuration list for PBXNativeTarget "MODA" */ = {
			isa = XCConfigurationList;
			buildConfigurations = (
				27776D0F2AA5C0B500E226D3 /* Debug */,
				27776D102AA5C0B500E226D3 /* Release */,
			);
			defaultConfigurationIsVisible = 0;
			defaultConfigurationName = Release;
		};
/* End XCConfigurationList section */

/* Begin XCVersionGroup section */
		27776D032AA5C0B300E226D3 /* MODA.xcdatamodeld */ = {
			isa = XCVersionGroup;
			children = (
				27776D042AA5C0B300E226D3 /* MODA.xcdatamodel */,
			);
			currentVersion = 27776D042AA5C0B300E226D3 /* MODA.xcdatamodel */;
			path = MODA.xcdatamodeld;
			sourceTree = "<group>";
			versionGroupType = wrapper.xcdatamodel;
		};
/* End XCVersionGroup section */
	};
	rootObject = 27776CEF2AA5C0B300E226D3 /* Project object */;
}
